
Microsoft Visual Studio Solution File, Format Version 12.00
# Visual Studio Version 17
VisualStudioVersion = 17.12.35521.163
MinimumVisualStudioVersion = 10.0.40219.1
Project("{FAE04EC0-301F-11D3-BF4B-00C04F79EFBC}") = "GameOfLifeConsole", "ConsoleApp\GameOfLifeConsole.csproj", "{629D58EB-99D3-4760-B232-A5E2DA70A91C}"
EndProject
Project("{FAE04EC0-301F-11D3-BF4B-00C04F79EFBC}") = "Tests", "Tests\Tests.csproj", "{4EA46AF5-3DA9-4711-BCB8-922F87BF064D}"
EndProject
Project("{FAE04EC0-301F-11D3-BF4B-00C04F79EFBC}") = "GameLogic", "GameLogic\GameLogic.csproj", "{4A51536D-91BA-488A-97AF-D32081FD88C7}"
EndProject
Project("{FAE04EC0-301F-11D3-BF4B-00C04F79EFBC}") = "GameOfLife", "WebApp\GameOfLife.csproj", "{191C752D-2D5E-430E-94A6-1678BF719569}"
EndProject
Project("{FAE04EC0-301F-11D3-BF4B-00C04F79EFBC}") = "GameAdapter", "GameAdapter\GameAdapter.csproj", "{835F1747-AEB1-4B32-B141-7BA5981F7095}"
EndProject
Project("{FAE04EC0-301F-11D3-BF4B-00C04F79EFBC}") = "GameFlow", "GameFlow\GameFlow.csproj", "{EE0FACCC-C8C4-4B5C-AD6B-74FC3B924249}"
EndProject
Project("{FAE04EC0-301F-11D3-BF4B-00C04F79EFBC}") = "Utils", "Utils\Utils.csproj", "{5C5C6C75-51B2-47D0-8048-6E9F1749C326}"
EndProject
Global
	GlobalSection(SolutionConfigurationPlatforms) = preSolution
		Debug|Any CPU = Debug|Any CPU
		Release|Any CPU = Release|Any CPU
	EndGlobalSection
	GlobalSection(ProjectConfigurationPlatforms) = postSolution
		{629D58EB-99D3-4760-B232-A5E2DA70A91C}.Debug|Any CPU.ActiveCfg = Debug|Any CPU
		{629D58EB-99D3-4760-B232-A5E2DA70A91C}.Debug|Any CPU.Build.0 = Debug|Any CPU
		{629D58EB-99D3-4760-B232-A5E2DA70A91C}.Release|Any CPU.ActiveCfg = Release|Any CPU
		{629D58EB-99D3-4760-B232-A5E2DA70A91C}.Release|Any CPU.Build.0 = Release|Any CPU
		{4EA46AF5-3DA9-4711-BCB8-922F87BF064D}.Debug|Any CPU.ActiveCfg = Debug|Any CPU
		{4EA46AF5-3DA9-4711-BCB8-922F87BF064D}.Debug|Any CPU.Build.0 = Debug|Any CPU
		{4EA46AF5-3DA9-4711-BCB8-922F87BF064D}.Release|Any CPU.ActiveCfg = Release|Any CPU
		{4EA46AF5-3DA9-4711-BCB8-922F87BF064D}.Release|Any CPU.Build.0 = Release|Any CPU
		{4A51536D-91BA-488A-97AF-D32081FD88C7}.Debug|Any CPU.ActiveCfg = Debug|Any CPU
		{4A51536D-91BA-488A-97AF-D32081FD88C7}.Debug|Any CPU.Build.0 = Debug|Any CPU
		{4A51536D-91BA-488A-97AF-D32081FD88C7}.Release|Any CPU.ActiveCfg = Release|Any CPU
		{4A51536D-91BA-488A-97AF-D32081FD88C7}.Release|Any CPU.Build.0 = Release|Any CPU
		{191C752D-2D5E-430E-94A6-1678BF719569}.Debug|Any CPU.ActiveCfg = Debug|Any CPU
		{191C752D-2D5E-430E-94A6-1678BF719569}.Debug|Any CPU.Build.0 = Debug|Any CPU
		{191C752D-2D5E-430E-94A6-1678BF719569}.Release|Any CPU.ActiveCfg = Release|Any CPU
		{191C752D-2D5E-430E-94A6-1678BF719569}.Release|Any CPU.Build.0 = Release|Any CPU
		{835F1747-AEB1-4B32-B141-7BA5981F7095}.Debug|Any CPU.ActiveCfg = Debug|Any CPU
		{835F1747-AEB1-4B32-B141-7BA5981F7095}.Debug|Any CPU.Build.0 = Debug|Any CPU
		{835F1747-AEB1-4B32-B141-7BA5981F7095}.Release|Any CPU.ActiveCfg = Release|Any CPU
		{835F1747-AEB1-4B32-B141-7BA5981F7095}.Release|Any CPU.Build.0 = Release|Any CPU
		{EE0FACCC-C8C4-4B5C-AD6B-74FC3B924249}.Debug|Any CPU.ActiveCfg = Debug|Any CPU
		{EE0FACCC-C8C4-4B5C-AD6B-74FC3B924249}.Debug|Any CPU.Build.0 = Debug|Any CPU
		{EE0FACCC-C8C4-4B5C-AD6B-74FC3B924249}.Release|Any CPU.ActiveCfg = Release|Any CPU
		{EE0FACCC-C8C4-4B5C-AD6B-74FC3B924249}.Release|Any CPU.Build.0 = Release|Any CPU
		{5C5C6C75-51B2-47D0-8048-6E9F1749C326}.Debug|Any CPU.ActiveCfg = Debug|Any CPU
		{5C5C6C75-51B2-47D0-8048-6E9F1749C326}.Debug|Any CPU.Build.0 = Debug|Any CPU
		{5C5C6C75-51B2-47D0-8048-6E9F1749C326}.Release|Any CPU.ActiveCfg = Release|Any CPU
		{5C5C6C75-51B2-47D0-8048-6E9F1749C326}.Release|Any CPU.Build.0 = Release|Any CPU
	EndGlobalSection
	GlobalSection(SolutionProperties) = preSolution
		HideSolutionNode = FALSE
	EndGlobalSection
EndGlobal
